
Microsoft Visual Studio Solution File, Format Version 12.00
# Visual Studio Version 17
VisualStudioVersion = 17.11.35312.102
MinimumVisualStudioVersion = 10.0.40219.1
Project("{9A19103F-16F7-4668-BE54-9A1E7A4F7556}") = "BenchmarkTest.MappingTools", "BenchmarkTest.MappingTools\BenchmarkTest.MappingTools.csproj", "{6824B57D-454D-4F31-BDAE-0FA75341ABAF}"
EndProject
Global
	GlobalSection(SolutionConfigurationPlatforms) = preSolution
		Debug|Any CPU = Debug|Any CPU
		Release|Any CPU = Release|Any CPU
	EndGlobalSection
	GlobalSection(ProjectConfigurationPlatforms) = postSolution
		{6824B57D-454D-4F31-BDAE-0FA75341ABAF}.Debug|Any CPU.ActiveCfg = Debug|Any CPU
		{6824B57D-454D-4F31-BDAE-0FA75341ABAF}.Debug|Any CPU.Build.0 = Debug|Any CPU
		{6824B57D-454D-4F31-BDAE-0FA75341ABAF}.Release|Any CPU.ActiveCfg = Release|Any CPU
		{6824B57D-454D-4F31-BDAE-0FA75341ABAF}.Release|Any CPU.Build.0 = Release|Any CPU
	EndGlobalSection
	GlobalSection(SolutionProperties) = preSolution
		HideSolutionNode = FALSE
	EndGlobalSection
	GlobalSection(ExtensibilityGlobals) = postSolution
		SolutionGuid = {B429E6DC-0A4D-4626-82D0-36754382158E}
	EndGlobalSection
EndGlobal
